
Microsoft Visual Studio Solution File, Format Version 12.00
# Visual Studio Version 17
VisualStudioVersion = 17.5.002.0
MinimumVisualStudioVersion = 10.0.40219.1
Project("{9A19103F-16F7-4668-BE54-9A1E7A4F7556}") = "api", "api\api.csproj", "{AF042C5B-032C-4431-992D-79E8F45CA4FC}"
EndProject
Global
	GlobalSection(SolutionConfigurationPlatforms) = preSolution
		Debug|Any CPU = Debug|Any CPU
		Release|Any CPU = Release|Any CPU
	EndGlobalSection
	GlobalSection(ProjectConfigurationPlatforms) = postSolution
		{AF042C5B-032C-4431-992D-79E8F45CA4FC}.Debug|Any CPU.ActiveCfg = Debug|Any CPU
		{AF042C5B-032C-4431-992D-79E8F45CA4FC}.Debug|Any CPU.Build.0 = Debug|Any CPU
		{AF042C5B-032C-4431-992D-79E8F45CA4FC}.Release|Any CPU.ActiveCfg = Release|Any CPU
		{AF042C5B-032C-4431-992D-79E8F45CA4FC}.Release|Any CPU.Build.0 = Release|Any CPU
	EndGlobalSection
	GlobalSection(SolutionProperties) = preSolution
		HideSolutionNode = FALSE
	EndGlobalSection
	GlobalSection(ExtensibilityGlobals) = postSolution
		SolutionGuid = {8749A57F-4956-40B4-A5D8-0A4B9F1893AE}
	EndGlobalSection
EndGlobal
